// !$*UTF8*$!
{
	archiveVersion = 1;
	classes = {
	};
	objectVersion = 50;
	objects = {

/* Begin PBXBuildFile section */
		2554369020FBCE860068AB24 /* DataModel.xcdatamodeld in Sources */ = {isa = PBXBuildFile; fileRef = 2554368E20FBCE860068AB24 /* DataModel.xcdatamodeld */; };
		255436B320FBEFD70068AB24 /* CategoryViewController.swift in Sources */ = {isa = PBXBuildFile; fileRef = 255436B220FBEFD70068AB24 /* CategoryViewController.swift */; };
		2559B68520FAD69300FA692A /* AppDelegate.swift in Sources */ = {isa = PBXBuildFile; fileRef = 2559B68420FAD69300FA692A /* AppDelegate.swift */; };
		2559B68A20FAD69300FA692A /* Main.storyboard in Resources */ = {isa = PBXBuildFile; fileRef = 2559B68820FAD69300FA692A /* Main.storyboard */; };
		2559B68C20FAD69500FA692A /* Assets.xcassets in Resources */ = {isa = PBXBuildFile; fileRef = 2559B68B20FAD69500FA692A /* Assets.xcassets */; };
		2559B68F20FAD69500FA692A /* LaunchScreen.storyboard in Resources */ = {isa = PBXBuildFile; fileRef = 2559B68D20FAD69500FA692A /* LaunchScreen.storyboard */; };
		2559B69720FAD76400FA692A /* MainTableViewController.swift in Sources */ = {isa = PBXBuildFile; fileRef = 2559B69620FAD76400FA692A /* MainTableViewController.swift */; };
		FEEF21E61AD0B28CAA3BADC2 /* Pods_What_s_Next_.framework in Frameworks */ = {isa = PBXBuildFile; fileRef = C624B317E67A0CEF855C303E /* Pods_What_s_Next_.framework */; };
/* End PBXBuildFile section */

/* Begin PBXFileReference section */
		0B2799A121FE6758473EA4B7 /* Pods-What's Next?.debug.xcconfig */ = {isa = PBXFileReference; includeInIndex = 1; lastKnownFileType = text.xcconfig; name = "Pods-What's Next?.debug.xcconfig"; path = "Pods/Target Support Files/Pods-What's Next?/Pods-What's Next?.debug.xcconfig"; sourceTree = "<group>"; };
		2554368F20FBCE860068AB24 /* DataModel.xcdatamodel */ = {isa = PBXFileReference; lastKnownFileType = wrapper.xcdatamodel; path = DataModel.xcdatamodel; sourceTree = "<group>"; };
		255436B220FBEFD70068AB24 /* CategoryViewController.swift */ = {isa = PBXFileReference; lastKnownFileType = sourcecode.swift; path = CategoryViewController.swift; sourceTree = "<group>"; };
		2559B68120FAD69300FA692A /* What's Next?.app */ = {isa = PBXFileReference; explicitFileType = wrapper.application; includeInIndex = 0; path = "What's Next?.app"; sourceTree = BUILT_PRODUCTS_DIR; };
		2559B68420FAD69300FA692A /* AppDelegate.swift */ = {isa = PBXFileReference; lastKnownFileType = sourcecode.swift; path = AppDelegate.swift; sourceTree = "<group>"; };
		2559B68920FAD69300FA692A /* Base */ = {isa = PBXFileReference; lastKnownFileType = file.storyboard; name = Base; path = Base.lproj/Main.storyboard; sourceTree = "<group>"; };
		2559B68B20FAD69500FA692A /* Assets.xcassets */ = {isa = PBXFileReference; lastKnownFileType = folder.assetcatalog; path = Assets.xcassets; sourceTree = "<group>"; };
		2559B68E20FAD69500FA692A /* Base */ = {isa = PBXFileReference; lastKnownFileType = file.storyboard; name = Base; path = Base.lproj/LaunchScreen.storyboard; sourceTree = "<group>"; };
		2559B69020FAD69500FA692A /* Info.plist */ = {isa = PBXFileReference; lastKnownFileType = text.plist.xml; path = Info.plist; sourceTree = "<group>"; };
		2559B69620FAD76400FA692A /* MainTableViewController.swift */ = {isa = PBXFileReference; lastKnownFileType = sourcecode.swift; path = MainTableViewController.swift; sourceTree = "<group>"; };
		C624B317E67A0CEF855C303E /* Pods_What_s_Next_.framework */ = {isa = PBXFileReference; explicitFileType = wrapper.framework; includeInIndex = 0; path = Pods_What_s_Next_.framework; sourceTree = BUILT_PRODUCTS_DIR; };
		DB960538DE5975523E69B2B4 /* Pods-What's Next?.release.xcconfig */ = {isa = PBXFileReference; includeInIndex = 1; lastKnownFileType = text.xcconfig; name = "Pods-What's Next?.release.xcconfig"; path = "Pods/Target Support Files/Pods-What's Next?/Pods-What's Next?.release.xcconfig"; sourceTree = "<group>"; };
/* End PBXFileReference section */

/* Begin PBXFrameworksBuildPhase section */
		2559B67E20FAD69300FA692A /* Frameworks */ = {
			isa = PBXFrameworksBuildPhase;
			buildActionMask = 2147483647;
			files = (
				FEEF21E61AD0B28CAA3BADC2 /* Pods_What_s_Next_.framework in Frameworks */,
			);
			runOnlyForDeploymentPostprocessing = 0;
		};
/* End PBXFrameworksBuildPhase section */

/* Begin PBXGroup section */
		2559B67820FAD69300FA692A = {
			isa = PBXGroup;
			children = (
				2559B68320FAD69300FA692A /* What's Next? */,
				2559B68220FAD69300FA692A /* Products */,
				9423586A62BB12C3BF806586 /* Pods */,
				413FDEE2E729470B224D6C80 /* Frameworks */,
			);
			sourceTree = "<group>";
		};
		2559B68220FAD69300FA692A /* Products */ = {
			isa = PBXGroup;
			children = (
				2559B68120FAD69300FA692A /* What's Next?.app */,
			);
			name = Products;
			sourceTree = "<group>";
		};
		2559B68320FAD69300FA692A /* What's Next? */ = {
			isa = PBXGroup;
			children = (
				2559B69A20FAD7AA00FA692A /* Models */,
				2559B69920FAD79F00FA692A /* Controllers */,
				2559B69820FAD78F00FA692A /* Supporting Files */,
				2559B68820FAD69300FA692A /* Main.storyboard */,
				2559B69020FAD69500FA692A /* Info.plist */,
			);
			path = "What's Next?";
			sourceTree = "<group>";
		};
		2559B69820FAD78F00FA692A /* Supporting Files */ = {
			isa = PBXGroup;
			children = (
				2559B68B20FAD69500FA692A /* Assets.xcassets */,
				2559B68420FAD69300FA692A /* AppDelegate.swift */,
				2559B68D20FAD69500FA692A /* LaunchScreen.storyboard */,
			);
			path = "Supporting Files";
			sourceTree = "<group>";
		};
		2559B69920FAD79F00FA692A /* Controllers */ = {
			isa = PBXGroup;
			children = (
				255436B220FBEFD70068AB24 /* CategoryViewController.swift */,
				2559B69620FAD76400FA692A /* MainTableViewController.swift */,
			);
			path = Controllers;
			sourceTree = "<group>";
		};
		2559B69A20FAD7AA00FA692A /* Models */ = {
			isa = PBXGroup;
			children = (
				2554368E20FBCE860068AB24 /* DataModel.xcdatamodeld */,
			);
			path = Models;
			sourceTree = "<group>";
		};
		413FDEE2E729470B224D6C80 /* Frameworks */ = {
			isa = PBXGroup;
			children = (
				C624B317E67A0CEF855C303E /* Pods_What_s_Next_.framework */,
			);
			name = Frameworks;
			sourceTree = "<group>";
		};
		9423586A62BB12C3BF806586 /* Pods */ = {
			isa = PBXGroup;
			children = (
				0B2799A121FE6758473EA4B7 /* Pods-What's Next?.debug.xcconfig */,
				DB960538DE5975523E69B2B4 /* Pods-What's Next?.release.xcconfig */,
			);
			name = Pods;
			sourceTree = "<group>";
		};
/* End PBXGroup section */

/* Begin PBXNativeTarget section */
		2559B68020FAD69300FA692A /* What's Next? */ = {
			isa = PBXNativeTarget;
			buildConfigurationList = 2559B69320FAD69500FA692A /* Build configuration list for PBXNativeTarget "What's Next?" */;
			buildPhases = (
				F4E18BD64B1DAC0568B769C0 /* [CP] Check Pods Manifest.lock */,
				2559B67D20FAD69300FA692A /* Sources */,
				2559B67E20FAD69300FA692A /* Frameworks */,
				2559B67F20FAD69300FA692A /* Resources */,
				3C7BB5692F8330C3DC524BFB /* [CP] Embed Pods Frameworks */,
			);
			buildRules = (
			);
			dependencies = (
			);
			name = "What's Next?";
			productName = "What's Next?";
			productReference = 2559B68120FAD69300FA692A /* What's Next?.app */;
			productType = "com.apple.product-type.application";
		};
/* End PBXNativeTarget section */

/* Begin PBXProject section */
		2559B67920FAD69300FA692A /* Project object */ = {
			isa = PBXProject;
			attributes = {
				LastSwiftUpdateCheck = 0940;
				LastUpgradeCheck = 0940;
				ORGANIZATIONNAME = "Devodriq Roberts";
				TargetAttributes = {
					2559B68020FAD69300FA692A = {
						CreatedOnToolsVersion = 9.4.1;
					};
				};
			};
			buildConfigurationList = 2559B67C20FAD69300FA692A /* Build configuration list for PBXProject "What's Next?" */;
			compatibilityVersion = "Xcode 9.3";
			developmentRegion = en;
			hasScannedForEncodings = 0;
			knownRegions = (
				en,
				Base,
			);
			mainGroup = 2559B67820FAD69300FA692A;
			productRefGroup = 2559B68220FAD69300FA692A /* Products */;
			projectDirPath = "";
			projectRoot = "";
			targets = (
				2559B68020FAD69300FA692A /* What's Next? */,
			);
		};
/* End PBXProject section */

/* Begin PBXResourcesBuildPhase section */
		2559B67F20FAD69300FA692A /* Resources */ = {
			isa = PBXResourcesBuildPhase;
			buildActionMask = 2147483647;
			files = (
				2559B68F20FAD69500FA692A /* LaunchScreen.storyboard in Resources */,
				2559B68C20FAD69500FA692A /* Assets.xcassets in Resources */,
				2559B68A20FAD69300FA692A /* Main.storyboard in Resources */,
			);
			runOnlyForDeploymentPostprocessing = 0;
		};
/* End PBXResourcesBuildPhase section */

/* Begin PBXShellScriptBuildPhase section */
		3C7BB5692F8330C3DC524BFB /* [CP] Embed Pods Frameworks */ = {
			isa = PBXShellScriptBuildPhase;
			buildActionMask = 2147483647;
			files = (
			);
			inputPaths = (
				"${SRCROOT}/Pods/Target Support Files/Pods-What's Next?/Pods-What's Next?-frameworks.sh",
				"${BUILT_PRODUCTS_DIR}/Realm/Realm.framework",
				"${BUILT_PRODUCTS_DIR}/RealmSwift/RealmSwift.framework",
			);
			name = "[CP] Embed Pods Frameworks";
			outputPaths = (
				"${TARGET_BUILD_DIR}/${FRAMEWORKS_FOLDER_PATH}/Realm.framework",
				"${TARGET_BUILD_DIR}/${FRAMEWORKS_FOLDER_PATH}/RealmSwift.framework",
			);
			runOnlyForDeploymentPostprocessing = 0;
			shellPath = /bin/sh;
			shellScript = "\"${SRCROOT}/Pods/Target Support Files/Pods-What's Next?/Pods-What's Next?-frameworks.sh\"\n";
			showEnvVarsInLog = 0;
		};
		F4E18BD64B1DAC0568B769C0 /* [CP] Check Pods Manifest.lock */ = {
			isa = PBXShellScriptBuildPhase;
			buildActionMask = 2147483647;
			files = (
			);
			inputPaths = (
				"${PODS_PODFILE_DIR_PATH}/Podfile.lock",
				"${PODS_ROOT}/Manifest.lock",
			);
			name = "[CP] Check Pods Manifest.lock";
			outputPaths = (
				"$(DERIVED_FILE_DIR)/Pods-What's Next?-checkManifestLockResult.txt",
			);
			runOnlyForDeploymentPostprocessing = 0;
			shellPath = /bin/sh;
			shellScript = "diff \"${PODS_PODFILE_DIR_PATH}/Podfile.lock\" \"${PODS_ROOT}/Manifest.lock\" > /dev/null\nif [ $? != 0 ] ; then\n    # print error to STDERR\n    echo \"error: The sandbox is not in sync with the Podfile.lock. Run 'pod install' or update your CocoaPods installation.\" >&2\n    exit 1\nfi\n# This output is used by Xcode 'outputs' to avoid re-running this script phase.\necho \"SUCCESS\" > \"${SCRIPT_OUTPUT_FILE_0}\"\n";
			showEnvVarsInLog = 0;
		};
/* End PBXShellScriptBuildPhase section */

/* Begin PBXSourcesBuildPhase section */
		2559B67D20FAD69300FA692A /* Sources */ = {
			isa = PBXSourcesBuildPhase;
			buildActionMask = 2147483647;
			files = (
				255436B320FBEFD70068AB24 /* CategoryViewController.swift in Sources */,
				2554369020FBCE860068AB24 /* DataModel.xcdatamodeld in Sources */,
				2559B69720FAD76400FA692A /* MainTableViewController.swift in Sources */,
				2559B68520FAD69300FA692A /* AppDelegate.swift in Sources */,
			);
			runOnlyForDeploymentPostprocessing = 0;
		};
/* End PBXSourcesBuildPhase section */

/* Begin PBXVariantGroup section */
		2559B68820FAD69300FA692A /* Main.storyboard */ = {
			isa = PBXVariantGroup;
			children = (
				2559B68920FAD69300FA692A /* Base */,
			);
			name = Main.storyboard;
			sourceTree = "<group>";
		};
		2559B68D20FAD69500FA692A /* LaunchScreen.storyboard */ = {
			isa = PBXVariantGroup;
			children = (
				2559B68E20FAD69500FA692A /* Base */,
			);
			name = LaunchScreen.storyboard;
			sourceTree = "<group>";
		};
/* End PBXVariantGroup section */

/* Begin XCBuildConfiguration section */
		2559B69120FAD69500FA692A /* Debug */ = {
			isa = XCBuildConfiguration;
			buildSettings = {
				ALWAYS_SEARCH_USER_PATHS = NO;
				CLANG_ANALYZER_NONNULL = YES;
				CLANG_ANALYZER_NUMBER_OBJECT_CONVERSION = YES_AGGRESSIVE;
				CLANG_CXX_LANGUAGE_STANDARD = "gnu++14";
				CLANG_CXX_LIBRARY = "libc++";
				CLANG_ENABLE_MODULES = YES;
				CLANG_ENABLE_OBJC_ARC = YES;
				CLANG_ENABLE_OBJC_WEAK = YES;
				CLANG_WARN_BLOCK_CAPTURE_AUTORELEASING = YES;
				CLANG_WARN_BOOL_CONVERSION = YES;
				CLANG_WARN_COMMA = YES;
				CLANG_WARN_CONSTANT_CONVERSION = YES;
				CLANG_WARN_DEPRECATED_OBJC_IMPLEMENTATIONS = YES;
				CLANG_WARN_DIRECT_OBJC_ISA_USAGE = YES_ERROR;
				CLANG_WARN_DOCUMENTATION_COMMENTS = YES;
				CLANG_WARN_EMPTY_BODY = YES;
				CLANG_WARN_ENUM_CONVERSION = YES;
				CLANG_WARN_INFINITE_RECURSION = YES;
				CLANG_WARN_INT_CONVERSION = YES;
				CLANG_WARN_NON_LITERAL_NULL_CONVERSION = YES;
				CLANG_WARN_OBJC_IMPLICIT_RETAIN_SELF = YES;
				CLANG_WARN_OBJC_LITERAL_CONVERSION = YES;
				CLANG_WARN_OBJC_ROOT_CLASS = YES_ERROR;
				CLANG_WARN_RANGE_LOOP_ANALYSIS = YES;
				CLANG_WARN_STRICT_PROTOTYPES = YES;
				CLANG_WARN_SUSPICIOUS_MOVE = YES;
				CLANG_WARN_UNGUARDED_AVAILABILITY = YES_AGGRESSIVE;
				CLANG_WARN_UNREACHABLE_CODE = YES;
				CLANG_WARN__DUPLICATE_METHOD_MATCH = YES;
				CODE_SIGN_IDENTITY = "iPhone Developer";
				COPY_PHASE_STRIP = NO;
				DEBUG_INFORMATION_FORMAT = dwarf;
				ENABLE_STRICT_OBJC_MSGSEND = YES;
				ENABLE_TESTABILITY = YES;
				GCC_C_LANGUAGE_STANDARD = gnu11;
				GCC_DYNAMIC_NO_PIC = NO;
				GCC_NO_COMMON_BLOCKS = YES;
				GCC_OPTIMIZATION_LEVEL = 0;
				GCC_PREPROCESSOR_DEFINITIONS = (
					"DEBUG=1",
					"$(inherited)",
				);
				GCC_WARN_64_TO_32_BIT_CONVERSION = YES;
				GCC_WARN_ABOUT_RETURN_TYPE = YES_ERROR;
				GCC_WARN_UNDECLARED_SELECTOR = YES;
				GCC_WARN_UNINITIALIZED_AUTOS = YES_AGGRESSIVE;
				GCC_WARN_UNUSED_FUNCTION = YES;
				GCC_WARN_UNUSED_VARIABLE = YES;
				IPHONEOS_DEPLOYMENT_TARGET = 11.4;
				MTL_ENABLE_DEBUG_INFO = YES;
				ONLY_ACTIVE_ARCH = YES;
				SDKROOT = iphoneos;
				SWIFT_ACTIVE_COMPILATION_CONDITIONS = DEBUG;
				SWIFT_OPTIMIZATION_LEVEL = "-Onone";
			};
			name = Debug;
		};
		2559B69220FAD69500FA692A /* Release */ = {
			isa = XCBuildConfiguration;
			buildSettings = {
				ALWAYS_SEARCH_USER_PATHS = NO;
				CLANG_ANALYZER_NONNULL = YES;
				CLANG_ANALYZER_NUMBER_OBJECT_CONVERSION = YES_AGGRESSIVE;
				CLANG_CXX_LANGUAGE_STANDARD = "gnu++14";
				CLANG_CXX_LIBRARY = "libc++";
				CLANG_ENABLE_MODULES = YES;
				CLANG_ENABLE_OBJC_ARC = YES;
				CLANG_ENABLE_OBJC_WEAK = YES;
				CLANG_WARN_BLOCK_CAPTURE_AUTORELEASING = YES;
				CLANG_WARN_BOOL_CONVERSION = YES;
				CLANG_WARN_COMMA = YES;
				CLANG_WARN_CONSTANT_CONVERSION = YES;
				CLANG_WARN_DEPRECATED_OBJC_IMPLEMENTATIONS = YES;
				CLANG_WARN_DIRECT_OBJC_ISA_USAGE = YES_ERROR;
				CLANG_WARN_DOCUMENTATION_COMMENTS = YES;
				CLANG_WARN_EMPTY_BODY = YES;
				CLANG_WARN_ENUM_CONVERSION = YES;
				CLANG_WARN_INFINITE_RECURSION = YES;
				CLANG_WARN_INT_CONVERSION = YES;
				CLANG_WARN_NON_LITERAL_NULL_CONVERSION = YES;
				CLANG_WARN_OBJC_IMPLICIT_RETAIN_SELF = YES;
				CLANG_WARN_OBJC_LITERAL_CONVERSION = YES;
				CLANG_WARN_OBJC_ROOT_CLASS = YES_ERROR;
				CLANG_WARN_RANGE_LOOP_ANALYSIS = YES;
				CLANG_WARN_STRICT_PROTOTYPES = YES;
				CLANG_WARN_SUSPICIOUS_MOVE = YES;
				CLANG_WARN_UNGUARDED_AVAILABILITY = YES_AGGRESSIVE;
				CLANG_WARN_UNREACHABLE_CODE = YES;
				CLANG_WARN__DUPLICATE_METHOD_MATCH = YES;
				CODE_SIGN_IDENTITY = "iPhone Developer";
				COPY_PHASE_STRIP = NO;
				DEBUG_INFORMATION_FORMAT = "dwarf-with-dsym";
				ENABLE_NS_ASSERTIONS = NO;
				ENABLE_STRICT_OBJC_MSGSEND = YES;
				GCC_C_LANGUAGE_STANDARD = gnu11;
				GCC_NO_COMMON_BLOCKS = YES;
				GCC_WARN_64_TO_32_BIT_CONVERSION = YES;
				GCC_WARN_ABOUT_RETURN_TYPE = YES_ERROR;
				GCC_WARN_UNDECLARED_SELECTOR = YES;
				GCC_WARN_UNINITIALIZED_AUTOS = YES_AGGRESSIVE;
				GCC_WARN_UNUSED_FUNCTION = YES;
				GCC_WARN_UNUSED_VARIABLE = YES;
				IPHONEOS_DEPLOYMENT_TARGET = 11.4;
				MTL_ENABLE_DEBUG_INFO = NO;
				SDKROOT = iphoneos;
				SWIFT_COMPILATION_MODE = wholemodule;
				SWIFT_OPTIMIZATION_LEVEL = "-O";
				VALIDATE_PRODUCT = YES;
			};
			name = Release;
		};
		2559B69420FAD69500FA692A /* Debug */ = {
			isa = XCBuildConfiguration;
			baseConfigurationReference = 0B2799A121FE6758473EA4B7 /* Pods-What's Next?.debug.xcconfig */;
			buildSettings = {
				ASSETCATALOG_COMPILER_APPICON_NAME = AppIcon;
				CODE_SIGN_STYLE = Automatic;
				DEVELOPMENT_TEAM = R324JN2J7P;
				INFOPLIST_FILE = "What's Next?/Info.plist";
				LD_RUNPATH_SEARCH_PATHS = (
					"$(inherited)",
					"@executable_path/Frameworks",
				);
				PRODUCT_BUNDLE_IDENTIFIER = "com.DevodriqRoberts.What-s-Next-";
				PRODUCT_NAME = "$(TARGET_NAME)";
				SWIFT_VERSION = 4.0;
				TARGETED_DEVICE_FAMILY = "1,2";
			};
			name = Debug;
		};
		2559B69520FAD69500FA692A /* Release */ = {
			isa = XCBuildConfiguration;
			baseConfigurationReference = DB960538DE5975523E69B2B4 /* Pods-What's Next?.release.xcconfig */;
			buildSettings = {
				ASSETCATALOG_COMPILER_APPICON_NAME = AppIcon;
				CODE_SIGN_STYLE = Automatic;
				DEVELOPMENT_TEAM = R324JN2J7P;
				INFOPLIST_FILE = "What's Next?/Info.plist";
				LD_RUNPATH_SEARCH_PATHS = (
					"$(inherited)",
					"@executable_path/Frameworks",
				);
				PRODUCT_BUNDLE_IDENTIFIER = "com.DevodriqRoberts.What-s-Next-";
				PRODUCT_NAME = "$(TARGET_NAME)";
				SWIFT_VERSION = 4.0;
				TARGETED_DEVICE_FAMILY = "1,2";
			};
			name = Release;
		};
/* End XCBuildConfiguration section */

/* Begin XCConfigurationList section */
		2559B67C20FAD69300FA692A /* Build configuration list for PBXProject "What's Next?" */ = {
			isa = XCConfigurationList;
			buildConfigurations = (
				2559B69120FAD69500FA692A /* Debug */,
				2559B69220FAD69500FA692A /* Release */,
			);
			defaultConfigurationIsVisible = 0;
			defaultConfigurationName = Release;
		};
		2559B69320FAD69500FA692A /* Build configuration list for PBXNativeTarget "What's Next?" */ = {
			isa = XCConfigurationList;
			buildConfigurations = (
				2559B69420FAD69500FA692A /* Debug */,
				2559B69520FAD69500FA692A /* Release */,
			);
			defaultConfigurationIsVisible = 0;
			defaultConfigurationName = Release;
		};
/* End XCConfigurationList section */

/* Begin XCVersionGroup section */
		2554368E20FBCE860068AB24 /* DataModel.xcdatamodeld */ = {
			isa = XCVersionGroup;
			children = (
				2554368F20FBCE860068AB24 /* DataModel.xcdatamodel */,
			);
			currentVersion = 2554368F20FBCE860068AB24 /* DataModel.xcdatamodel */;
			path = DataModel.xcdatamodeld;
			sourceTree = "<group>";
			versionGroupType = wrapper.xcdatamodel;
		};
/* End XCVersionGroup section */
	};
	rootObject = 2559B67920FAD69300FA692A /* Project object */;
}
